github.com/andybalholm/brotli v1.0.4 h1:V7DdXeJtZscaqfNuAdSRuRFzuiKlHSC/Zh3zl9qY3JY=
github.com/andybalholm/brotli v1.0.4/go.mod h1:fO7iG3H7G2nSZ7m0zPUDn85XEX2GTukHGRSepvi9Eig=
github.com/bogdanfinn/fhttp v0.5.24 h1:OlyBKjvJp6a3TotN3wuj4mQHHRbfK7QUMrzCPOZGhRc=
github.com/bogdanfinn/fhttp v0.5.24/go.mod h1:brqi5woc5eSCVHdKYBV8aZLbO7HGqpwyDLeXW+fT18I=
github.com/bogdanfinn/tls-client v1.6.1 h1:GTIqQssFoIvLaDf4btoYRzDhUzudLqYD4axvfUCXl3I=
github.com/bogdanfinn/tls-client v1.6.1/go.mod h1:FtwQ3DndVZ0xAOO704v4iNAgbHOcEc5kPk9tjICTNQ0=
github.com/bogdanfinn/utls v1.5.16 h1:NhhWkegEcYETBMj9nvgO4lwvc6NcLH+znrXzO3gnw4M=
github.com/bogdanfinn/utls v1.5.16/go.mod h1:mHeRCi69cUiEyVBkKONB1cAbLjRcZnlJbGzttmiuK4o=
github.com/eiannone/keyboard v0.0.0-20220611211555-0d226195f203 h1:XBBHcIb256gUJtLmY22n99HaZTz+r2Z51xUPi01m3wg=
github.com/eiannone/keyboard v0.0.0-20220611211555-0d226195f203/go.mod h1:E1jcSv8FaEny+OP/5k9UxZVw9YFWGj7eI4KR/iOBqCg=
github.com/klauspost/compress v1.15.12 h1:YClS/PImqYbn+UILDnqxQCZ3RehC9N318SU3kElDUEM=
github.com/klauspost/compress v1.15.12/go.mod h1:QPwzmACJjUTFsnSHH934V6woptycfrDDJnH7hvFVbGM=
github.com/lmittmann/tint v1.0.2 h1:9XZ+JvEzjvd3VNVugYqo3j+dl0NRju8k9FquAusJExM=
github.com/lmittmann/tint v1.0.2/go.mod h1:HIS3gSy7qNwGCj+5oRjAutErFBl4BzdQP6cJZ0NfMwE=
github.com/rubpy/crawly v0.0.0-20231019123451-cf7a88a6687d h1:eRoiyf5wa9nAEGKn0LJQ+05Q8RnwbzmBTptePbXM4Is=
github.com/rubpy/crawly v0.0.0-20231019123451-cf7a88a6687d/go.mod h1:IwcBQfSCXwuJXPSiTCO2wPr3stQbdAMsWD0OWbXsE/U=
github.com/rubpy/crawly/cclient v0.0.0-20231019123451-cf7a88a6687d h1:ujmN2MDSAKdd/upLVsH+l8iKheopIGTvL6dpJUfrtqQ=
github.com/rubpy/crawly/cclient v0.0.0-20231019123451-cf7a88a6687d/go.mod h1:YEEblOkH3GCg8XAYXrr6BT3YDNQDK3kTU+OLH7fojAc=
github.com/rubpy/crawly/clog v0.0.0-20231019123451-cf7a88a6687d h1:qO5KH/fY0aGTAszQMzMtSqce4wSX7LfPVzzE4PvxnFI=
github.com/rubpy/crawly/clog v0.0.0-20231019123451-cf7a88a6687d/go.mod h1:a/hXR6x/HjGwUJt1Rd/ZD8IQvGykgA3K22zCMgFd+Jw=
github.com/rubpy/crawly/csync v0.0.0-20231019123451-cf7a88a6687d h1:P9Vgc513edZzFGdDnRO5Hiq7tXeP8pwspMNf3fQ+pV0=
github.com/rubpy/crawly/csync v0.0.0-20231019123451-cf7a88a6687d/go.mod h1:4yTahebJvXI4RC8gdbG+4Xf55ULJg/1SYhQv6dned8w=
github.com/tam7t/hpkp v0.0.0-20160821193359-2b70b4024ed5 h1:YqAladjX7xpA6BM04leXMWAEjS0mTZ5kUU9KRBriQJc=
github.com/tam7t/hpkp v0.0.0-20160821193359-2b70b4024ed5/go.mod h1:2JjD2zLQYH5HO74y5+aE3remJQvl6q4Sn6aWA2wD1Ng=
golang.org/x/crypto v0.1.0 h1:MDRAIl0xIo9Io2xV565hzXHw3zVseKrJKodhohM5CjU=
golang.org/x/crypto v0.1.0/go.mod h1:RecgLatLF4+eUMCP1PoPZQb+cVrJcOPbHkTkbkB9sbw=
golang.org/x/net v0.5.0 h1:GyT4nK/YDHSqa1c4753ouYCDajOYKTja9Xb/OHtgvSw=
golang.org/x/net v0.5.0/go.mod h1:DivGGAXEgPSlEBzxGzZI+ZLohi+xUj054jfeKui00ws=
golang.org/x/sys v0.4.0 h1:Zr2JFtRQNX3BCZ8YtxRE9hNJYC8J6I1MVbMg6owUp18=
golang.org/x/sys v0.4.0/go.mod h1:oPkhp1MJrh7nUepCBck5+mAzfO9JrbApNNgaTdGDITg=
golang.org/x/text v0.6.0 h1:3XmdazWV+ubf7QgHSTWeykHOci5oeekaGJBLkrkaw4k=
golang.org/x/text v0.6.0/go.mod h1:mrYo+phRRbMaCq/xk9113O4dZlRixOauAjOtrjsXDZ8=
